// !$*UTF8*$!
{
	archiveVersion = 1;
	classes = {
	};
	objectVersion = 77;
	objects = {

/* Begin PBXContainerItemProxy section */
		CEA03FB32E01F8BB0066E2BD /* PBXContainerItemProxy */ = {
			isa = PBXContainerItemProxy;
			containerPortal = CEA03F962E01F8B90066E2BD /* Project object */;
			proxyType = 1;
			remoteGlobalIDString = CEA03F9D2E01F8B90066E2BD;
			remoteInfo = BazaarHelper;
		};
		CEA03FBD2E01F8BB0066E2BD /* PBXContainerItemProxy */ = {
			isa = PBXContainerItemProxy;
			containerPortal = CEA03F962E01F8B90066E2BD /* Project object */;
			proxyType = 1;
			remoteGlobalIDString = CEA03F9D2E01F8B90066E2BD;
			remoteInfo = BazaarHelper;
		};
/* End PBXContainerItemProxy section */

/* Begin PBXFileReference section */
		CEA03F9E2E01F8B90066E2BD /* BazaarHelper.app */ = {isa = PBXFileReference; explicitFileType = wrapper.application; includeInIndex = 0; path = BazaarHelper.app; sourceTree = BUILT_PRODUCTS_DIR; };
		CEA03FB22E01F8BB0066E2BD /* BazaarHelperTests.xctest */ = {isa = PBXFileReference; explicitFileType = wrapper.cfbundle; includeInIndex = 0; path = BazaarHelperTests.xctest; sourceTree = BUILT_PRODUCTS_DIR; };
		CEA03FBC2E01F8BB0066E2BD /* BazaarHelperUITests.xctest */ = {isa = PBXFileReference; explicitFileType = wrapper.cfbundle; includeInIndex = 0; path = BazaarHelperUITests.xctest; sourceTree = BUILT_PRODUCTS_DIR; };
/* End PBXFileReference section */

/* Begin PBXFileSystemSynchronizedBuildFileExceptionSet section */
		CEA03FC42E01F8BB0066E2BD /* Exceptions for "BazaarHelper" folder in "BazaarHelper" target */ = {
			isa = PBXFileSystemSynchronizedBuildFileExceptionSet;
			membershipExceptions = (
				Info.plist,
			);
			target = CEA03F9D2E01F8B90066E2BD /* BazaarHelper */;
		};
/* End PBXFileSystemSynchronizedBuildFileExceptionSet section */

/* Begin PBXFileSystemSynchronizedRootGroup section */
		CEA03FA02E01F8B90066E2BD /* BazaarHelper */ = {
			isa = PBXFileSystemSynchronizedRootGroup;
			exceptions = (
				CEA03FC42E01F8BB0066E2BD /* Exceptions for "BazaarHelper" folder in "BazaarHelper" target */,
			);
			path = BazaarHelper;
			sourceTree = "<group>";
		};
		CEA03FB52E01F8BB0066E2BD /* BazaarHelperTests */ = {
			isa = PBXFileSystemSynchronizedRootGroup;
			path = BazaarHelperTests;
			sourceTree = "<group>";
		};
		CEA03FBF2E01F8BB0066E2BD /* BazaarHelperUITests */ = {
			isa = PBXFileSystemSynchronizedRootGroup;
			path = BazaarHelperUITests;
			sourceTree = "<group>";
		};
/* End PBXFileSystemSynchronizedRootGroup section */

/* Begin PBXFrameworksBuildPhase section */
		CEA03F9B2E01F8B90066E2BD /* Frameworks */ = {
			isa = PBXFrameworksBuildPhase;
			buildActionMask = 2147483647;
			files = (
			);
			runOnlyForDeploymentPostprocessing = 0;
		};
		CEA03FAF2E01F8BB0066E2BD /* Frameworks */ = {
			isa = PBXFrameworksBuildPhase;
			buildActionMask = 2147483647;
			files = (
			);
			runOnlyForDeploymentPostprocessing = 0;
		};
		CEA03FB92E01F8BB0066E2BD /* Frameworks */ = {
			isa = PBXFrameworksBuildPhase;
			buildActionMask = 2147483647;
			files = (
			);
			runOnlyForDeploymentPostprocessing = 0;
		};
/* End PBXFrameworksBuildPhase section */

/* Begin PBXGroup section */
		CEA03F952E01F8B90066E2BD = {
			isa = PBXGroup;
			children = (
				CEA03FA02E01F8B90066E2BD /* BazaarHelper */,
				CEA03FB52E01F8BB0066E2BD /* BazaarHelperTests */,
				CEA03FBF2E01F8BB0066E2BD /* BazaarHelperUITests */,
				CEA03F9F2E01F8B90066E2BD /* Products */,
			);
			sourceTree = "<group>";
		};
		CEA03F9F2E01F8B90066E2BD /* Products */ = {
			isa = PBXGroup;
			children = (
				CEA03F9E2E01F8B90066E2BD /* BazaarHelper.app */,
				CEA03FB22E01F8BB0066E2BD /* BazaarHelperTests.xctest */,
				CEA03FBC2E01F8BB0066E2BD /* BazaarHelperUITests.xctest */,
			);
			name = Products;
			sourceTree = "<group>";
		};
/* End PBXGroup section */

/* Begin PBXNativeTarget section */
		CEA03F9D2E01F8B90066E2BD /* BazaarHelper */ = {
			isa = PBXNativeTarget;
			buildConfigurationList = CEA03FC52E01F8BB0066E2BD /* Build configuration list for PBXNativeTarget "BazaarHelper" */;
			buildPhases = (
				CEA03F9A2E01F8B90066E2BD /* Sources */,
				CEA03F9B2E01F8B90066E2BD /* Frameworks */,
				CEA03F9C2E01F8B90066E2BD /* Resources */,
			);
			buildRules = (
			);
			dependencies = (
			);
			fileSystemSynchronizedGroups = (
				CEA03FA02E01F8B90066E2BD /* BazaarHelper */,
			);
			name = BazaarHelper;
			packageProductDependencies = (
			);
			productName = BazaarHelper;
			productReference = CEA03F9E2E01F8B90066E2BD /* BazaarHelper.app */;
			productType = "com.apple.product-type.application";
		};
		CEA03FB12E01F8BB0066E2BD /* BazaarHelperTests */ = {
			isa = PBXNativeTarget;
			buildConfigurationList = CEA03FCA2E01F8BB0066E2BD /* Build configuration list for PBXNativeTarget "BazaarHelperTests" */;
			buildPhases = (
				CEA03FAE2E01F8BB0066E2BD /* Sources */,
				CEA03FAF2E01F8BB0066E2BD /* Frameworks */,
				CEA03FB02E01F8BB0066E2BD /* Resources */,
			);
			buildRules = (
			);
			dependencies = (
				CEA03FB42E01F8BB0066E2BD /* PBXTargetDependency */,
			);
			fileSystemSynchronizedGroups = (
				CEA03FB52E01F8BB0066E2BD /* BazaarHelperTests */,
			);
			name = BazaarHelperTests;
			packageProductDependencies = (
			);
			productName = BazaarHelperTests;
			productReference = CEA03FB22E01F8BB0066E2BD /* BazaarHelperTests.xctest */;
			productType = "com.apple.product-type.bundle.unit-test";
		};
		CEA03FBB2E01F8BB0066E2BD /* BazaarHelperUITests */ = {
			isa = PBXNativeTarget;
			buildConfigurationList = CEA03FCD2E01F8BB0066E2BD /* Build configuration list for PBXNativeTarget "BazaarHelperUITests" */;
			buildPhases = (
				CEA03FB82E01F8BB0066E2BD /* Sources */,
				CEA03FB92E01F8BB0066E2BD /* Frameworks */,
				CEA03FBA2E01F8BB0066E2BD /* Resources */,
			);
			buildRules = (
			);
			dependencies = (
				CEA03FBE2E01F8BB0066E2BD /* PBXTargetDependency */,
			);
			fileSystemSynchronizedGroups = (
				CEA03FBF2E01F8BB0066E2BD /* BazaarHelperUITests */,
			);
			name = BazaarHelperUITests;
			packageProductDependencies = (
			);
			productName = BazaarHelperUITests;
			productReference = CEA03FBC2E01F8BB0066E2BD /* BazaarHelperUITests.xctest */;
			productType = "com.apple.product-type.bundle.ui-testing";
		};
/* End PBXNativeTarget section */

/* Begin PBXProject section */
		CEA03F962E01F8B90066E2BD /* Project object */ = {
			isa = PBXProject;
			attributes = {
				BuildIndependentTargetsInParallel = 1;
				LastSwiftUpdateCheck = 2600;
				LastUpgradeCheck = 2600;
				TargetAttributes = {
					CEA03F9D2E01F8B90066E2BD = {
						CreatedOnToolsVersion = 26.0;
					};
					CEA03FB12E01F8BB0066E2BD = {
						CreatedOnToolsVersion = 26.0;
						TestTargetID = CEA03F9D2E01F8B90066E2BD;
					};
					CEA03FBB2E01F8BB0066E2BD = {
						CreatedOnToolsVersion = 26.0;
						TestTargetID = CEA03F9D2E01F8B90066E2BD;
					};
				};
			};
			buildConfigurationList = CEA03F992E01F8B90066E2BD /* Build configuration list for PBXProject "BazaarHelper" */;
			developmentRegion = en;
			hasScannedForEncodings = 0;
			knownRegions = (
				en,
				Base,
			);
			mainGroup = CEA03F952E01F8B90066E2BD;
			minimizedProjectReferenceProxies = 1;
			preferredProjectObjectVersion = 77;
			productRefGroup = CEA03F9F2E01F8B90066E2BD /* Products */;
			projectDirPath = "";
			projectRoot = "";
			targets = (
				CEA03F9D2E01F8B90066E2BD /* BazaarHelper */,
				CEA03FB12E01F8BB0066E2BD /* BazaarHelperTests */,
				CEA03FBB2E01F8BB0066E2BD /* BazaarHelperUITests */,
			);
		};
/* End PBXProject section */

/* Begin PBXResourcesBuildPhase section */
		CEA03F9C2E01F8B90066E2BD /* Resources */ = {
			isa = PBXResourcesBuildPhase;
			buildActionMask = 2147483647;
			files = (
			);
			runOnlyForDeploymentPostprocessing = 0;
		};
		CEA03FB02E01F8BB0066E2BD /* Resources */ = {
			isa = PBXResourcesBuildPhase;
			buildActionMask = 2147483647;
			files = (
			);
			runOnlyForDeploymentPostprocessing = 0;
		};
		CEA03FBA2E01F8BB0066E2BD /* Resources */ = {
			isa = PBXResourcesBuildPhase;
			buildActionMask = 2147483647;
			files = (
			);
			runOnlyForDeploymentPostprocessing = 0;
		};
/* End PBXResourcesBuildPhase section */

/* Begin PBXSourcesBuildPhase section */
		CEA03F9A2E01F8B90066E2BD /* Sources */ = {
			isa = PBXSourcesBuildPhase;
			buildActionMask = 2147483647;
			files = (
			);
			runOnlyForDeploymentPostprocessing = 0;
		};
		CEA03FAE2E01F8BB0066E2BD /* Sources */ = {
			isa = PBXSourcesBuildPhase;
			buildActionMask = 2147483647;
			files = (
			);
			runOnlyForDeploymentPostprocessing = 0;
		};
		CEA03FB82E01F8BB0066E2BD /* Sources */ = {
			isa = PBXSourcesBuildPhase;
			buildActionMask = 2147483647;
			files = (
			);
			runOnlyForDeploymentPostprocessing = 0;
		};
/* End PBXSourcesBuildPhase section */

/* Begin PBXTargetDependency section */
		CEA03FB42E01F8BB0066E2BD /* PBXTargetDependency */ = {
			isa = PBXTargetDependency;
			target = CEA03F9D2E01F8B90066E2BD /* BazaarHelper */;
			targetProxy = CEA03FB32E01F8BB0066E2BD /* PBXContainerItemProxy */;
		};
		CEA03FBE2E01F8BB0066E2BD /* PBXTargetDependency */ = {
			isa = PBXTargetDependency;
			target = CEA03F9D2E01F8B90066E2BD /* BazaarHelper */;
			targetProxy = CEA03FBD2E01F8BB0066E2BD /* PBXContainerItemProxy */;
		};
/* End PBXTargetDependency section */

/* Begin XCBuildConfiguration section */
		CEA03FC62E01F8BB0066E2BD /* Debug */ = {
			isa = XCBuildConfiguration;
			buildSettings = {
				ASSETCATALOG_COMPILER_APPICON_NAME = AppIcon;
				ASSETCATALOG_COMPILER_GLOBAL_ACCENT_COLOR_NAME = AccentColor;
				CODE_SIGN_ENTITLEMENTS = BazaarHelper/BazaarHelper.entitlements;
				CODE_SIGN_STYLE = Automatic;
				CURRENT_PROJECT_VERSION = 1;
				DEVELOPMENT_TEAM = 847FQWHZR2;
				ENABLE_PREVIEWS = YES;
				GENERATE_INFOPLIST_FILE = YES;
				INFOPLIST_FILE = BazaarHelper/Info.plist;
				INFOPLIST_KEY_UIApplicationSceneManifest_Generation = YES;
				INFOPLIST_KEY_UIApplicationSupportsIndirectInputEvents = YES;
				INFOPLIST_KEY_UILaunchScreen_Generation = YES;
				INFOPLIST_KEY_UISupportedInterfaceOrientations_iPad = "UIInterfaceOrientationPortrait UIInterfaceOrientationPortraitUpsideDown UIInterfaceOrientationLandscapeLeft UIInterfaceOrientationLandscapeRight";
				INFOPLIST_KEY_UISupportedInterfaceOrientations_iPhone = "UIInterfaceOrientationPortrait UIInterfaceOrientationLandscapeLeft UIInterfaceOrientationLandscapeRight";
				LD_RUNPATH_SEARCH_PATHS = (
					"$(inherited)",
					"@executable_path/Frameworks",
				);
				MARKETING_VERSION = 1.0;
				PRODUCT_BUNDLE_IDENTIFIER = galow.BazaarHelper;
				PRODUCT_NAME = "$(TARGET_NAME)";
				STRING_CATALOG_GENERATE_SYMBOLS = YES;
				SWIFT_DEFAULT_ACTOR_ISOLATION = MainActor;
				SWIFT_EMIT_LOC_STRINGS = YES;
				SWIFT_UPCOMING_FEATURE_MEMBER_IMPORT_VISIBILITY = YES;
				SWIFT_VERSION = 5.0;
				TARGETED_DEVICE_FAMILY = "1,2";
			};
			name = Debug;
		};
		CEA03FC72E01F8BB0066E2BD /* Release */ = {
			isa = XCBuildConfiguration;
			buildSettings = {
				ASSETCATALOG_COMPILER_APPICON_NAME = AppIcon;
				ASSETCATALOG_COMPILER_GLOBAL_ACCENT_COLOR_NAME = AccentColor;
				CODE_SIGN_ENTITLEMENTS = BazaarHelper/BazaarHelper.entitlements;
				CODE_SIGN_STYLE = Automatic;
				CURRENT_PROJECT_VERSION = 1;
				DEVELOPMENT_TEAM = 847FQWHZR2;
				ENABLE_PREVIEWS = YES;
				GENERATE_INFOPLIST_FILE = YES;
				INFOPLIST_FILE = BazaarHelper/Info.plist;
				INFOPLIST_KEY_UIApplicationSceneManifest_Generation = YES;
				INFOPLIST_KEY_UIApplicationSupportsIndirectInputEvents = YES;
				INFOPLIST_KEY_UILaunchScreen_Generation = YES;
				INFOPLIST_KEY_UISupportedInterfaceOrientations_iPad = "UIInterfaceOrientationPortrait UIInterfaceOrientationPortraitUpsideDown UIInterfaceOrientationLandscapeLeft UIInterfaceOrientationLandscapeRight";
				INFOPLIST_KEY_UISupportedInterfaceOrientations_iPhone = "UIInterfaceOrientationPortrait UIInterfaceOrientationLandscapeLeft UIInterfaceOrientationLandscapeRight";
				LD_RUNPATH_SEARCH_PATHS = (
					"$(inherited)",
					"@executable_path/Frameworks",
				);
				MARKETING_VERSION = 1.0;
				PRODUCT_BUNDLE_IDENTIFIER = galow.BazaarHelper;
				PRODUCT_NAME = "$(TARGET_NAME)";
				STRING_CATALOG_GENERATE_SYMBOLS = YES;
				SWIFT_DEFAULT_ACTOR_ISOLATION = MainActor;
				SWIFT_EMIT_LOC_STRINGS = YES;
				SWIFT_UPCOMING_FEATURE_MEMBER_IMPORT_VISIBILITY = YES;
				SWIFT_VERSION = 5.0;
				TARGETED_DEVICE_FAMILY = "1,2";
			};
			name = Release;
		};
		CEA03FC82E01F8BB0066E2BD /* Debug */ = {
			isa = XCBuildConfiguration;
			buildSettings = {
				ALWAYS_SEARCH_USER_PATHS = NO;
				ASSETCATALOG_COMPILER_GENERATE_SWIFT_ASSET_SYMBOL_EXTENSIONS = YES;
				CLANG_ANALYZER_NONNULL = YES;
				CLANG_ANALYZER_NUMBER_OBJECT_CONVERSION = YES_AGGRESSIVE;
				CLANG_CXX_LANGUAGE_STANDARD = "gnu++20";
				CLANG_ENABLE_MODULES = YES;
				CLANG_ENABLE_OBJC_ARC = YES;
				CLANG_ENABLE_OBJC_WEAK = YES;
				CLANG_WARN_BLOCK_CAPTURE_AUTORELEASING = YES;
				CLANG_WARN_BOOL_CONVERSION = YES;
				CLANG_WARN_COMMA = YES;
				CLANG_WARN_CONSTANT_CONVERSION = YES;
				CLANG_WARN_DEPRECATED_OBJC_IMPLEMENTATIONS = YES;
				CLANG_WARN_DIRECT_OBJC_ISA_USAGE = YES_ERROR;
				CLANG_WARN_DOCUMENTATION_COMMENTS = YES;
				CLANG_WARN_EMPTY_BODY = YES;
				CLANG_WARN_ENUM_CONVERSION = YES;
				CLANG_WARN_INFINITE_RECURSION = YES;
				CLANG_WARN_INT_CONVERSION = YES;
				CLANG_WARN_NON_LITERAL_NULL_CONVERSION = YES;
				CLANG_WARN_OBJC_IMPLICIT_RETAIN_SELF = YES;
				CLANG_WARN_OBJC_LITERAL_CONVERSION = YES;
				CLANG_WARN_OBJC_ROOT_CLASS = YES_ERROR;
				CLANG_WARN_QUOTED_INCLUDE_IN_FRAMEWORK_HEADER = YES;
				CLANG_WARN_RANGE_LOOP_ANALYSIS = YES;
				CLANG_WARN_STRICT_PROTOTYPES = YES;
				CLANG_WARN_SUSPICIOUS_MOVE = YES;
				CLANG_WARN_UNGUARDED_AVAILABILITY = YES_AGGRESSIVE;
				CLANG_WARN_UNREACHABLE_CODE = YES;
				CLANG_WARN__DUPLICATE_METHOD_MATCH = YES;
				COPY_PHASE_STRIP = NO;
				DEBUG_INFORMATION_FORMAT = dwarf;
				DEVELOPMENT_TEAM = 847FQWHZR2;
				ENABLE_STRICT_OBJC_MSGSEND = YES;
				ENABLE_TESTABILITY = YES;
				ENABLE_USER_SCRIPT_SANDBOXING = YES;
				GCC_C_LANGUAGE_STANDARD = gnu17;
				GCC_DYNAMIC_NO_PIC = NO;
				GCC_NO_COMMON_BLOCKS = YES;
				GCC_OPTIMIZATION_LEVEL = 0;
				GCC_PREPROCESSOR_DEFINITIONS = (
					"DEBUG=1",
					"$(inherited)",
				);
				GCC_WARN_64_TO_32_BIT_CONVERSION = YES;
				GCC_WARN_ABOUT_RETURN_TYPE = YES_ERROR;
				GCC_WARN_UNDECLARED_SELECTOR = YES;
				GCC_WARN_UNINITIALIZED_AUTOS = YES_AGGRESSIVE;
				GCC_WARN_UNUSED_FUNCTION = YES;
				GCC_WARN_UNUSED_VARIABLE = YES;
				IPHONEOS_DEPLOYMENT_TARGET = 26.0;
				LOCALIZATION_PREFERS_STRING_CATALOGS = YES;
				MTL_ENABLE_DEBUG_INFO = INCLUDE_SOURCE;
				MTL_FAST_MATH = YES;
				ONLY_ACTIVE_ARCH = YES;
				SDKROOT = iphoneos;
				SWIFT_ACTIVE_COMPILATION_CONDITIONS = "DEBUG $(inherited)";
				SWIFT_OPTIMIZATION_LEVEL = "-Onone";
			};
			name = Debug;
		};
		CEA03FC92E01F8BB0066E2BD /* Release */ = {
			isa = XCBuildConfiguration;
			buildSettings = {
				ALWAYS_SEARCH_USER_PATHS = NO;
				ASSETCATALOG_COMPILER_GENERATE_SWIFT_ASSET_SYMBOL_EXTENSIONS = YES;
				CLANG_ANALYZER_NONNULL = YES;
				CLANG_ANALYZER_NUMBER_OBJECT_CONVERSION = YES_AGGRESSIVE;
				CLANG_CXX_LANGUAGE_STANDARD = "gnu++20";
				CLANG_ENABLE_MODULES = YES;
				CLANG_ENABLE_OBJC_ARC = YES;
				CLANG_ENABLE_OBJC_WEAK = YES;
				CLANG_WARN_BLOCK_CAPTURE_AUTORELEASING = YES;
				CLANG_WARN_BOOL_CONVERSION = YES;
				CLANG_WARN_COMMA = YES;
				CLANG_WARN_CONSTANT_CONVERSION = YES;
				CLANG_WARN_DEPRECATED_OBJC_IMPLEMENTATIONS = YES;
				CLANG_WARN_DIRECT_OBJC_ISA_USAGE = YES_ERROR;
				CLANG_WARN_DOCUMENTATION_COMMENTS = YES;
				CLANG_WARN_EMPTY_BODY = YES;
				CLANG_WARN_ENUM_CONVERSION = YES;
				CLANG_WARN_INFINITE_RECURSION = YES;
				CLANG_WARN_INT_CONVERSION = YES;
				CLANG_WARN_NON_LITERAL_NULL_CONVERSION = YES;
				CLANG_WARN_OBJC_IMPLICIT_RETAIN_SELF = YES;
				CLANG_WARN_OBJC_LITERAL_CONVERSION = YES;
				CLANG_WARN_OBJC_ROOT_CLASS = YES_ERROR;
				CLANG_WARN_QUOTED_INCLUDE_IN_FRAMEWORK_HEADER = YES;
				CLANG_WARN_RANGE_LOOP_ANALYSIS = YES;
				CLANG_WARN_STRICT_PROTOTYPES = YES;
				CLANG_WARN_SUSPICIOUS_MOVE = YES;
				CLANG_WARN_UNGUARDED_AVAILABILITY = YES_AGGRESSIVE;
				CLANG_WARN_UNREACHABLE_CODE = YES;
				CLANG_WARN__DUPLICATE_METHOD_MATCH = YES;
				COPY_PHASE_STRIP = NO;
				DEBUG_INFORMATION_FORMAT = "dwarf-with-dsym";
				DEVELOPMENT_TEAM = 847FQWHZR2;
				ENABLE_NS_ASSERTIONS = NO;
				ENABLE_STRICT_OBJC_MSGSEND = YES;
				ENABLE_USER_SCRIPT_SANDBOXING = YES;
				GCC_C_LANGUAGE_STANDARD = gnu17;
				GCC_NO_COMMON_BLOCKS = YES;
				GCC_WARN_64_TO_32_BIT_CONVERSION = YES;
				GCC_WARN_ABOUT_RETURN_TYPE = YES_ERROR;
				GCC_WARN_UNDECLARED_SELECTOR = YES;
				GCC_WARN_UNINITIALIZED_AUTOS = YES_AGGRESSIVE;
				GCC_WARN_UNUSED_FUNCTION = YES;
				GCC_WARN_UNUSED_VARIABLE = YES;
				IPHONEOS_DEPLOYMENT_TARGET = 26.0;
				LOCALIZATION_PREFERS_STRING_CATALOGS = YES;
				MTL_ENABLE_DEBUG_INFO = NO;
				MTL_FAST_MATH = YES;
				SDKROOT = iphoneos;
				SWIFT_COMPILATION_MODE = wholemodule;
				VALIDATE_PRODUCT = YES;
			};
			name = Release;
		};
		CEA03FCB2E01F8BB0066E2BD /* Debug */ = {
			isa = XCBuildConfiguration;
			buildSettings = {
				BUNDLE_LOADER = "$(TEST_HOST)";
				CODE_SIGN_STYLE = Automatic;
				CURRENT_PROJECT_VERSION = 1;
				DEVELOPMENT_TEAM = 847FQWHZR2;
				GENERATE_INFOPLIST_FILE = YES;
				IPHONEOS_DEPLOYMENT_TARGET = 26.0;
				MARKETING_VERSION = 1.0;
				PRODUCT_BUNDLE_IDENTIFIER = galow.BazaarHelperTests;
				PRODUCT_NAME = "$(TARGET_NAME)";
				STRING_CATALOG_GENERATE_SYMBOLS = NO;
				SWIFT_EMIT_LOC_STRINGS = NO;
				SWIFT_UPCOMING_FEATURE_MEMBER_IMPORT_VISIBILITY = YES;
				SWIFT_VERSION = 5.0;
				TARGETED_DEVICE_FAMILY = "1,2";
				TEST_HOST = "$(BUILT_PRODUCTS_DIR)/BazaarHelper.app/$(BUNDLE_EXECUTABLE_FOLDER_PATH)/BazaarHelper";
			};
			name = Debug;
		};
		CEA03FCC2E01F8BB0066E2BD /* Release */ = {
			isa = XCBuildConfiguration;
			buildSettings = {
				BUNDLE_LOADER = "$(TEST_HOST)";
				CODE_SIGN_STYLE = Automatic;
				CURRENT_PROJECT_VERSION = 1;
				DEVELOPMENT_TEAM = 847FQWHZR2;
				GENERATE_INFOPLIST_FILE = YES;
				IPHONEOS_DEPLOYMENT_TARGET = 26.0;
				MARKETING_VERSION = 1.0;
				PRODUCT_BUNDLE_IDENTIFIER = galow.BazaarHelperTests;
				PRODUCT_NAME = "$(TARGET_NAME)";
				STRING_CATALOG_GENERATE_SYMBOLS = NO;
				SWIFT_EMIT_LOC_STRINGS = NO;
				SWIFT_UPCOMING_FEATURE_MEMBER_IMPORT_VISIBILITY = YES;
				SWIFT_VERSION = 5.0;
				TARGETED_DEVICE_FAMILY = "1,2";
				TEST_HOST = "$(BUILT_PRODUCTS_DIR)/BazaarHelper.app/$(BUNDLE_EXECUTABLE_FOLDER_PATH)/BazaarHelper";
			};
			name = Release;
		};
		CEA03FCE2E01F8BB0066E2BD /* Debug */ = {
			isa = XCBuildConfiguration;
			buildSettings = {
				CODE_SIGN_STYLE = Automatic;
				CURRENT_PROJECT_VERSION = 1;
				DEVELOPMENT_TEAM = 847FQWHZR2;
				GENERATE_INFOPLIST_FILE = YES;
				MARKETING_VERSION = 1.0;
				PRODUCT_BUNDLE_IDENTIFIER = galow.BazaarHelperUITests;
				PRODUCT_NAME = "$(TARGET_NAME)";
				STRING_CATALOG_GENERATE_SYMBOLS = NO;
				SWIFT_EMIT_LOC_STRINGS = NO;
				SWIFT_UPCOMING_FEATURE_MEMBER_IMPORT_VISIBILITY = YES;
				SWIFT_VERSION = 5.0;
				TARGETED_DEVICE_FAMILY = "1,2";
				TEST_TARGET_NAME = BazaarHelper;
			};
			name = Debug;
		};
		CEA03FCF2E01F8BB0066E2BD /* Release */ = {
			isa = XCBuildConfiguration;
			buildSettings = {
				CODE_SIGN_STYLE = Automatic;
				CURRENT_PROJECT_VERSION = 1;
				DEVELOPMENT_TEAM = 847FQWHZR2;
				GENERATE_INFOPLIST_FILE = YES;
				MARKETING_VERSION = 1.0;
				PRODUCT_BUNDLE_IDENTIFIER = galow.BazaarHelperUITests;
				PRODUCT_NAME = "$(TARGET_NAME)";
				STRING_CATALOG_GENERATE_SYMBOLS = NO;
				SWIFT_EMIT_LOC_STRINGS = NO;
				SWIFT_UPCOMING_FEATURE_MEMBER_IMPORT_VISIBILITY = YES;
				SWIFT_VERSION = 5.0;
				TARGETED_DEVICE_FAMILY = "1,2";
				TEST_TARGET_NAME = BazaarHelper;
			};
			name = Release;
		};
/* End XCBuildConfiguration section */

/* Begin XCConfigurationList section */
		CEA03F992E01F8B90066E2BD /* Build configuration list for PBXProject "BazaarHelper" */ = {
			isa = XCConfigurationList;
			buildConfigurations = (
				CEA03FC82E01F8BB0066E2BD /* Debug */,
				CEA03FC92E01F8BB0066E2BD /* Release */,
			);
			defaultConfigurationIsVisible = 0;
			defaultConfigurationName = Release;
		};
		CEA03FC52E01F8BB0066E2BD /* Build configuration list for PBXNativeTarget "BazaarHelper" */ = {
			isa = XCConfigurationList;
			buildConfigurations = (
				CEA03FC62E01F8BB0066E2BD /* Debug */,
				CEA03FC72E01F8BB0066E2BD /* Release */,
			);
			defaultConfigurationIsVisible = 0;
			defaultConfigurationName = Release;
		};
		CEA03FCA2E01F8BB0066E2BD /* Build configuration list for PBXNativeTarget "BazaarHelperTests" */ = {
			isa = XCConfigurationList;
			buildConfigurations = (
				CEA03FCB2E01F8BB0066E2BD /* Debug */,
				CEA03FCC2E01F8BB0066E2BD /* Release */,
			);
			defaultConfigurationIsVisible = 0;
			defaultConfigurationName = Release;
		};
		CEA03FCD2E01F8BB0066E2BD /* Build configuration list for PBXNativeTarget "BazaarHelperUITests" */ = {
			isa = XCConfigurationList;
			buildConfigurations = (
				CEA03FCE2E01F8BB0066E2BD /* Debug */,
				CEA03FCF2E01F8BB0066E2BD /* Release */,
			);
			defaultConfigurationIsVisible = 0;
			defaultConfigurationName = Release;
		};
/* End XCConfigurationList section */
	};
	rootObject = CEA03F962E01F8B90066E2BD /* Project object */;
}
